
Microsoft Visual Studio Solution File, Format Version 12.00
# Visual Studio 2012
Project("{FAE04EC0-301F-11D3-BF4B-00C04F79EFBC}") = "crystalgame", "crystalgame\crystalgame.csproj", "{205B2BC2-2161-4C77-A030-8FE69EAE099C}"
EndProject
Project("{FAE04EC0-301F-11D3-BF4B-00C04F79EFBC}") = "framework", "framework\framework.csproj", "{6D651517-359E-4260-898D-D351B553A0CE}"
EndProject
Global
	GlobalSection(SolutionConfigurationPlatforms) = preSolution
		Debug|Any CPU = Debug|Any CPU
		Release|Any CPU = Release|Any CPU
	EndGlobalSection
	GlobalSection(ProjectConfigurationPlatforms) = postSolution
		{205B2BC2-2161-4C77-A030-8FE69EAE099C}.Debug|Any CPU.ActiveCfg = Debug|Any CPU
		{205B2BC2-2161-4C77-A030-8FE69EAE099C}.Debug|Any CPU.Build.0 = Debug|Any CPU
		{205B2BC2-2161-4C77-A030-8FE69EAE099C}.Release|Any CPU.ActiveCfg = Release|Any CPU
		{205B2BC2-2161-4C77-A030-8FE69EAE099C}.Release|Any CPU.Build.0 = Release|Any CPU
		{6D651517-359E-4260-898D-D351B553A0CE}.Debug|Any CPU.ActiveCfg = Debug|Any CPU
		{6D651517-359E-4260-898D-D351B553A0CE}.Debug|Any CPU.Build.0 = Debug|Any CPU
		{6D651517-359E-4260-898D-D351B553A0CE}.Release|Any CPU.ActiveCfg = Release|Any CPU
		{6D651517-359E-4260-898D-D351B553A0CE}.Release|Any CPU.Build.0 = Release|Any CPU
	EndGlobalSection
	GlobalSection(SolutionProperties) = preSolution
		HideSolutionNode = FALSE
	EndGlobalSection
EndGlobal
